
Microsoft Visual Studio Solution File, Format Version 12.00
# Visual Studio 15
VisualStudioVersion = 15.0.28307.489
MinimumVisualStudioVersion = 10.0.40219.1
Project("{FAE04EC0-301F-11D3-BF4B-00C04F79EFBC}") = "Xadrez", "Xadrez\Xadrez.csproj", "{3B87D2DB-E758-4A0B-995B-6A82B9FC32F6}"
EndProject
Global
	GlobalSection(SolutionConfigurationPlatforms) = preSolution
		Debug|Any CPU = Debug|Any CPU
		Release|Any CPU = Release|Any CPU
	EndGlobalSection
	GlobalSection(ProjectConfigurationPlatforms) = postSolution
		{3B87D2DB-E758-4A0B-995B-6A82B9FC32F6}.Debug|Any CPU.ActiveCfg = Debug|Any CPU
		{3B87D2DB-E758-4A0B-995B-6A82B9FC32F6}.Debug|Any CPU.Build.0 = Debug|Any CPU
		{3B87D2DB-E758-4A0B-995B-6A82B9FC32F6}.Release|Any CPU.ActiveCfg = Release|Any CPU
		{3B87D2DB-E758-4A0B-995B-6A82B9FC32F6}.Release|Any CPU.Build.0 = Release|Any CPU
	EndGlobalSection
	GlobalSection(SolutionProperties) = preSolution
		HideSolutionNode = FALSE
	EndGlobalSection
	GlobalSection(ExtensibilityGlobals) = postSolution
		SolutionGuid = {7A1BC897-38A0-4786-90AD-DBF2638DAD9A}
	EndGlobalSection
EndGlobal
